
Microsoft Visual Studio Solution File, Format Version 12.00
# Visual Studio Version 17
VisualStudioVersion = 17.6.33829.357
MinimumVisualStudioVersion = 10.0.40219.1
Project("{FAE04EC0-301F-11D3-BF4B-00C04F79EFBC}") = "QuanlySV", "QuanlySV\QuanlySV.csproj", "{0F427051-3D4C-4F58-BA3A-62DE153C6366}"
EndProject
Global
	GlobalSection(SolutionConfigurationPlatforms) = preSolution
		Debug|Any CPU = Debug|Any CPU
		Release|Any CPU = Release|Any CPU
	EndGlobalSection
	GlobalSection(ProjectConfigurationPlatforms) = postSolution
		{0F427051-3D4C-4F58-BA3A-62DE153C6366}.Debug|Any CPU.ActiveCfg = Debug|Any CPU
		{0F427051-3D4C-4F58-BA3A-62DE153C6366}.Debug|Any CPU.Build.0 = Debug|Any CPU
		{0F427051-3D4C-4F58-BA3A-62DE153C6366}.Release|Any CPU.ActiveCfg = Release|Any CPU
		{0F427051-3D4C-4F58-BA3A-62DE153C6366}.Release|Any CPU.Build.0 = Release|Any CPU
	EndGlobalSection
	GlobalSection(SolutionProperties) = preSolution
		HideSolutionNode = FALSE
	EndGlobalSection
	GlobalSection(ExtensibilityGlobals) = postSolution
		SolutionGuid = {D044BCD9-CF65-47EA-9F38-129BC95914E9}
	EndGlobalSection
EndGlobal
